
Microsoft Visual Studio Solution File, Format Version 12.00
# Visual Studio Version 17
VisualStudioVersion = 17.11.35312.102
MinimumVisualStudioVersion = 10.0.40219.1
Project("{FAE04EC0-301F-11D3-BF4B-00C04F79EFBC}") = "AppMercadoPago-Youtube", "AppMercadoPago-Youtube.csproj", "{31254BD7-F570-45D7-9D2D-45161E651202}"
EndProject
Global
	GlobalSection(SolutionConfigurationPlatforms) = preSolution
		Debug|Any CPU = Debug|Any CPU
		Release|Any CPU = Release|Any CPU
	EndGlobalSection
	GlobalSection(ProjectConfigurationPlatforms) = postSolution
		{31254BD7-F570-45D7-9D2D-45161E651202}.Debug|Any CPU.ActiveCfg = Debug|Any CPU
		{31254BD7-F570-45D7-9D2D-45161E651202}.Debug|Any CPU.Build.0 = Debug|Any CPU
		{31254BD7-F570-45D7-9D2D-45161E651202}.Release|Any CPU.ActiveCfg = Release|Any CPU
		{31254BD7-F570-45D7-9D2D-45161E651202}.Release|Any CPU.Build.0 = Release|Any CPU
	EndGlobalSection
	GlobalSection(SolutionProperties) = preSolution
		HideSolutionNode = FALSE
	EndGlobalSection
	GlobalSection(ExtensibilityGlobals) = postSolution
		SolutionGuid = {7D4F8440-E141-4FC4-AF3B-A874DCD95425}
	EndGlobalSection
EndGlobal
